
Microsoft Visual Studio Solution File, Format Version 12.00
# Visual Studio Version 16
VisualStudioVersion = 16.0.30104.148
MinimumVisualStudioVersion = 10.0.40219.1
Project("{FAE04EC0-301F-11D3-BF4B-00C04F79EFBC}") = "ELearning.API", "ELearning.API\ELearning.API.csproj", "{66ECC0F2-9351-4F43-8818-4653A2354FEB}"
EndProject
Project("{FAE04EC0-301F-11D3-BF4B-00C04F79EFBC}") = "ELearning.Dto", "ELearning.Dto\ELearning.Dto.csproj", "{F42802BB-12D4-4BB7-B2A8-4BA79FE57115}"
EndProject
Project("{FAE04EC0-301F-11D3-BF4B-00C04F79EFBC}") = "ELearning.Infrastructure", "ELearning.Infrastructure\ELearning.Infrastructure.csproj", "{CD7CAF83-931B-449E-8AEF-5EEAFE98698E}"
EndProject
Project("{FAE04EC0-301F-11D3-BF4B-00C04F79EFBC}") = "ELearning.Services", "ELearning.Services\ELearning.Services.csproj", "{C46B650D-58F0-4190-89AB-4592BD4A4F17}"
EndProject
Project("{FAE04EC0-301F-11D3-BF4B-00C04F79EFBC}") = "ELearning.IOC", "ELearning.IOC\ELearning.IOC.csproj", "{66EBCA76-7E12-4747-8208-2579D34995DD}"
EndProject
Project("{9A19103F-16F7-4668-BE54-9A1E7A4F7556}") = "ELearning.Entities", "ELearning.Entities\ELearning.Entities.csproj", "{034C707D-AD9B-451B-9F18-91973767C6A6}"
EndProject
Global
	GlobalSection(SolutionConfigurationPlatforms) = preSolution
		Debug|Any CPU = Debug|Any CPU
		Release|Any CPU = Release|Any CPU
	EndGlobalSection
	GlobalSection(ProjectConfigurationPlatforms) = postSolution
		{66ECC0F2-9351-4F43-8818-4653A2354FEB}.Debug|Any CPU.ActiveCfg = Debug|Any CPU
		{66ECC0F2-9351-4F43-8818-4653A2354FEB}.Debug|Any CPU.Build.0 = Debug|Any CPU
		{66ECC0F2-9351-4F43-8818-4653A2354FEB}.Release|Any CPU.ActiveCfg = Release|Any CPU
		{66ECC0F2-9351-4F43-8818-4653A2354FEB}.Release|Any CPU.Build.0 = Release|Any CPU
		{F42802BB-12D4-4BB7-B2A8-4BA79FE57115}.Debug|Any CPU.ActiveCfg = Debug|Any CPU
		{F42802BB-12D4-4BB7-B2A8-4BA79FE57115}.Debug|Any CPU.Build.0 = Debug|Any CPU
		{F42802BB-12D4-4BB7-B2A8-4BA79FE57115}.Release|Any CPU.ActiveCfg = Release|Any CPU
		{F42802BB-12D4-4BB7-B2A8-4BA79FE57115}.Release|Any CPU.Build.0 = Release|Any CPU
		{CD7CAF83-931B-449E-8AEF-5EEAFE98698E}.Debug|Any CPU.ActiveCfg = Debug|Any CPU
		{CD7CAF83-931B-449E-8AEF-5EEAFE98698E}.Debug|Any CPU.Build.0 = Debug|Any CPU
		{CD7CAF83-931B-449E-8AEF-5EEAFE98698E}.Release|Any CPU.ActiveCfg = Release|Any CPU
		{CD7CAF83-931B-449E-8AEF-5EEAFE98698E}.Release|Any CPU.Build.0 = Release|Any CPU
		{C46B650D-58F0-4190-89AB-4592BD4A4F17}.Debug|Any CPU.ActiveCfg = Debug|Any CPU
		{C46B650D-58F0-4190-89AB-4592BD4A4F17}.Debug|Any CPU.Build.0 = Debug|Any CPU
		{C46B650D-58F0-4190-89AB-4592BD4A4F17}.Release|Any CPU.ActiveCfg = Release|Any CPU
		{C46B650D-58F0-4190-89AB-4592BD4A4F17}.Release|Any CPU.Build.0 = Release|Any CPU
		{66EBCA76-7E12-4747-8208-2579D34995DD}.Debug|Any CPU.ActiveCfg = Debug|Any CPU
		{66EBCA76-7E12-4747-8208-2579D34995DD}.Debug|Any CPU.Build.0 = Debug|Any CPU
		{66EBCA76-7E12-4747-8208-2579D34995DD}.Release|Any CPU.ActiveCfg = Release|Any CPU
		{66EBCA76-7E12-4747-8208-2579D34995DD}.Release|Any CPU.Build.0 = Release|Any CPU
		{034C707D-AD9B-451B-9F18-91973767C6A6}.Debug|Any CPU.ActiveCfg = Debug|Any CPU
		{034C707D-AD9B-451B-9F18-91973767C6A6}.Debug|Any CPU.Build.0 = Debug|Any CPU
		{034C707D-AD9B-451B-9F18-91973767C6A6}.Release|Any CPU.ActiveCfg = Release|Any CPU
		{034C707D-AD9B-451B-9F18-91973767C6A6}.Release|Any CPU.Build.0 = Release|Any CPU
	EndGlobalSection
	GlobalSection(SolutionProperties) = preSolution
		HideSolutionNode = FALSE
	EndGlobalSection
	GlobalSection(ExtensibilityGlobals) = postSolution
		SolutionGuid = {8B5C57C1-1CC9-44C5-9649-3C28698F2F60}
	EndGlobalSection
EndGlobal
